
Microsoft Visual Studio Solution File, Format Version 12.00
# Visual Studio Version 17
VisualStudioVersion = 17.8.34330.188
MinimumVisualStudioVersion = 10.0.40219.1
Project("{9A19103F-16F7-4668-BE54-9A1E7A4F7556}") = "Orders.Api", "Orders.Api\Orders.Api.csproj", "{7BC8DE33-CEEB-4153-AF30-2947E542484B}"
EndProject
Global
	GlobalSection(SolutionConfigurationPlatforms) = preSolution
		Debug|Any CPU = Debug|Any CPU
		Release|Any CPU = Release|Any CPU
	EndGlobalSection
	GlobalSection(ProjectConfigurationPlatforms) = postSolution
		{7BC8DE33-CEEB-4153-AF30-2947E542484B}.Debug|Any CPU.ActiveCfg = Debug|Any CPU
		{7BC8DE33-CEEB-4153-AF30-2947E542484B}.Debug|Any CPU.Build.0 = Debug|Any CPU
		{7BC8DE33-CEEB-4153-AF30-2947E542484B}.Release|Any CPU.ActiveCfg = Release|Any CPU
		{7BC8DE33-CEEB-4153-AF30-2947E542484B}.Release|Any CPU.Build.0 = Release|Any CPU
	EndGlobalSection
	GlobalSection(SolutionProperties) = preSolution
		HideSolutionNode = FALSE
	EndGlobalSection
	GlobalSection(ExtensibilityGlobals) = postSolution
		SolutionGuid = {2255846B-5C61-45A5-A3F5-B92E847ED618}
	EndGlobalSection
EndGlobal
